
Microsoft Visual Studio Solution File, Format Version 12.00
# Visual Studio 15
VisualStudioVersion = 15.0.27004.2002
MinimumVisualStudioVersion = 10.0.40219.1
Project("{8BC9CEB8-8B4A-11D0-8D11-00A0C91BC942}") = "八皇后问题", "八皇后问题\八皇后问题.vcxproj", "{55755B54-3B21-420E-AE33-F51C107C5649}"
EndProject
Global
	GlobalSection(SolutionConfigurationPlatforms) = preSolution
		Debug|x64 = Debug|x64
		Debug|x86 = Debug|x86
		Release|x64 = Release|x64
		Release|x86 = Release|x86
	EndGlobalSection
	GlobalSection(ProjectConfigurationPlatforms) = postSolution
		{55755B54-3B21-420E-AE33-F51C107C5649}.Debug|x64.ActiveCfg = Debug|x64
		{55755B54-3B21-420E-AE33-F51C107C5649}.Debug|x64.Build.0 = Debug|x64
		{55755B54-3B21-420E-AE33-F51C107C5649}.Debug|x86.ActiveCfg = Debug|Win32
		{55755B54-3B21-420E-AE33-F51C107C5649}.Debug|x86.Build.0 = Debug|Win32
		{55755B54-3B21-420E-AE33-F51C107C5649}.Release|x64.ActiveCfg = Release|x64
		{55755B54-3B21-420E-AE33-F51C107C5649}.Release|x64.Build.0 = Release|x64
		{55755B54-3B21-420E-AE33-F51C107C5649}.Release|x86.ActiveCfg = Release|Win32
		{55755B54-3B21-420E-AE33-F51C107C5649}.Release|x86.Build.0 = Release|Win32
	EndGlobalSection
	GlobalSection(SolutionProperties) = preSolution
		HideSolutionNode = FALSE
	EndGlobalSection
	GlobalSection(ExtensibilityGlobals) = postSolution
		SolutionGuid = {A21AE832-74AA-44AF-9959-76DA01DA1817}
	EndGlobalSection
EndGlobal
